version: 6
environments:
  default:
    channels:
    - url: https://conda.anaconda.org/conda-forge/
    packages:
      osx-arm64:
      - conda: https://conda.anaconda.org/conda-forge/noarch/asgiref-3.8.1-pyhd8ed1ab_1.conda
      - conda: https://conda.anaconda.org/conda-forge/osx-arm64/blosc-1.21.6-h7dd00d9_1.conda
      - conda: https://conda.anaconda.org/conda-forge/osx-arm64/bzip2-1.0.8-h99b78c6_7.conda
      - conda: https://conda.anaconda.org/conda-forge/osx-arm64/c-ares-1.34.5-h5505292_0.conda
      - conda: https://conda.anaconda.org/conda-forge/noarch/ca-certificates-2025.4.26-hbd8a1cb_0.conda
      - conda: https://conda.anaconda.org/conda-forge/osx-arm64/cyrus-sasl-2.1.27-h60b93bd_7.conda
      - conda: https://conda.anaconda.org/conda-forge/noarch/django-5.2.1-pyhd8ed1ab_0.conda
      - conda: https://conda.anaconda.org/conda-forge/osx-arm64/freexl-2.0.0-h3ab3353_2.conda
      - conda: https://conda.anaconda.org/conda-forge/osx-arm64/gdal-3.11.0-py313h1667df5_4.conda
      - conda: https://conda.anaconda.org/conda-forge/osx-arm64/geos-3.13.1-hc9a1286_0.conda
      - conda: https://conda.anaconda.org/conda-forge/osx-arm64/giflib-5.2.2-h93a5062_0.conda
      - conda: https://conda.anaconda.org/conda-forge/osx-arm64/icu-75.1-hfee45f7_0.conda
      - conda: https://conda.anaconda.org/conda-forge/osx-arm64/json-c-0.18-he4178ee_0.conda
      - conda: https://conda.anaconda.org/conda-forge/osx-arm64/krb5-1.21.3-h237132a_0.conda
      - conda: https://conda.anaconda.org/conda-forge/osx-arm64/lerc-4.0.0-hd64df32_1.conda
      - conda: https://conda.anaconda.org/conda-forge/osx-arm64/libarchive-3.7.7-h3c2f2b0_4.conda
      - conda: https://conda.anaconda.org/conda-forge/osx-arm64/libblas-3.9.0-31_h10e41b3_openblas.conda
      - conda: https://conda.anaconda.org/conda-forge/osx-arm64/libbrotlicommon-1.1.0-hd74edd7_2.conda
      - conda: https://conda.anaconda.org/conda-forge/osx-arm64/libbrotlidec-1.1.0-hd74edd7_2.conda
      - conda: https://conda.anaconda.org/conda-forge/osx-arm64/libbrotlienc-1.1.0-hd74edd7_2.conda
      - conda: https://conda.anaconda.org/conda-forge/osx-arm64/libcblas-3.9.0-31_hb3479ef_openblas.conda
      - conda: https://conda.anaconda.org/conda-forge/osx-arm64/libcurl-8.14.0-h73640d1_0.conda
      - conda: https://conda.anaconda.org/conda-forge/osx-arm64/libcxx-20.1.6-ha82da77_0.conda
      - conda: https://conda.anaconda.org/conda-forge/osx-arm64/libdeflate-1.24-h5773f1b_0.conda
      - conda: https://conda.anaconda.org/conda-forge/osx-arm64/libedit-3.1.20250104-pl5321hafb1f1b_0.conda
      - conda: https://conda.anaconda.org/conda-forge/osx-arm64/libev-4.33-h93a5062_2.conda
      - conda: https://conda.anaconda.org/conda-forge/osx-arm64/libexpat-2.7.0-h286801f_0.conda
      - conda: https://conda.anaconda.org/conda-forge/osx-arm64/libffi-3.4.6-h1da3d7d_1.conda
      - conda: https://conda.anaconda.org/conda-forge/osx-arm64/libgdal-core-3.11.0-h56abc88_4.conda
      - conda: https://conda.anaconda.org/conda-forge/osx-arm64/libgfortran-14.2.0-heb5dd2a_105.conda
      - conda: https://conda.anaconda.org/conda-forge/osx-arm64/libgfortran5-14.2.0-h2c44a93_105.conda
      - conda: https://conda.anaconda.org/conda-forge/osx-arm64/libhwy-1.2.0-h9a9ea7e_0.conda
      - conda: https://conda.anaconda.org/conda-forge/osx-arm64/libiconv-1.18-hfe07756_1.conda
      - conda: https://conda.anaconda.org/conda-forge/osx-arm64/libjpeg-turbo-3.1.0-h5505292_0.conda
      - conda: https://conda.anaconda.org/conda-forge/osx-arm64/libjxl-0.11.1-h72d67bc_1.conda
      - conda: https://conda.anaconda.org/conda-forge/osx-arm64/libkml-1.3.0-he250239_1021.conda
      - conda: https://conda.anaconda.org/conda-forge/osx-arm64/liblapack-3.9.0-31_hc9a63f6_openblas.conda
      - conda: https://conda.anaconda.org/conda-forge/osx-arm64/liblzma-5.8.1-h39f12f2_1.conda
      - conda: https://conda.anaconda.org/conda-forge/osx-arm64/libmpdec-4.0.0-h5505292_0.conda
      - conda: https://conda.anaconda.org/conda-forge/osx-arm64/libnghttp2-1.64.0-h6d7220d_0.conda
      - conda: https://conda.anaconda.org/conda-forge/osx-arm64/libntlm-1.8-h5505292_0.conda
      - conda: https://conda.anaconda.org/conda-forge/osx-arm64/libopenblas-0.3.29-openmp_hf332438_0.conda
      - conda: https://conda.anaconda.org/conda-forge/osx-arm64/libpng-1.6.47-h3783ad8_0.conda
      - conda: https://conda.anaconda.org/conda-forge/osx-arm64/libpq-17.5-h6896619_0.conda
      - conda: https://conda.anaconda.org/conda-forge/osx-arm64/librttopo-1.1.0-h26cc057_18.conda
      - conda: https://conda.anaconda.org/conda-forge/osx-arm64/libspatialite-5.1.0-hea0a7cd_14.conda
      - conda: https://conda.anaconda.org/conda-forge/osx-arm64/libsqlite-3.50.0-h3f77e49_0.conda
      - conda: https://conda.anaconda.org/conda-forge/osx-arm64/libssh2-1.11.1-h1590b86_0.conda
      - conda: https://conda.anaconda.org/conda-forge/osx-arm64/libtiff-4.7.0-h2f21f7c_5.conda
      - conda: https://conda.anaconda.org/conda-forge/osx-arm64/libwebp-base-1.5.0-h2471fea_0.conda
      - conda: https://conda.anaconda.org/conda-forge/osx-arm64/libxml2-2.13.8-h52572c6_0.conda
      - conda: https://conda.anaconda.org/conda-forge/osx-arm64/libzlib-1.3.1-h8359307_2.conda
      - conda: https://conda.anaconda.org/conda-forge/osx-arm64/llvm-openmp-20.1.6-hdb05f8b_0.conda
      - conda: https://conda.anaconda.org/conda-forge/osx-arm64/lz4-c-1.10.0-h286801f_1.conda
      - conda: https://conda.anaconda.org/conda-forge/osx-arm64/lzo-2.10-h93a5062_1001.conda
      - conda: https://conda.anaconda.org/conda-forge/osx-arm64/minizip-4.0.10-hff1a8ea_0.conda
      - conda: https://conda.anaconda.org/conda-forge/osx-arm64/muparser-2.3.5-h11e0b38_0.conda
      - conda: https://conda.anaconda.org/conda-forge/osx-arm64/ncurses-6.5-h5e97a16_3.conda
      - conda: https://conda.anaconda.org/conda-forge/osx-arm64/numpy-2.2.6-py313h41a2e72_0.conda
      - conda: https://conda.anaconda.org/conda-forge/osx-arm64/openldap-2.6.10-hbe55e7a_0.conda
      - conda: https://conda.anaconda.org/conda-forge/osx-arm64/openssl-3.5.0-h81ee809_1.conda
      - conda: https://conda.anaconda.org/conda-forge/osx-arm64/pcre2-10.45-ha881caa_0.conda
      - conda: https://conda.anaconda.org/conda-forge/osx-arm64/proj-9.6.0-h1318a7e_1.conda
      - conda: https://conda.anaconda.org/conda-forge/noarch/psycopg-3.2.9-pyhd5ab78c_0.conda
      - conda: https://conda.anaconda.org/conda-forge/osx-arm64/psycopg-c-3.2.9-py313h2a8749c_0.conda
      - conda: https://conda.anaconda.org/conda-forge/osx-arm64/python-3.13.3-h81fe080_101_cp313.conda
      - conda: https://conda.anaconda.org/conda-forge/noarch/python-dotenv-1.1.0-pyh29332c3_1.conda
      - conda: https://conda.anaconda.org/conda-forge/noarch/python_abi-3.13-7_cp313.conda
      - conda: https://conda.anaconda.org/conda-forge/osx-arm64/readline-8.2-h1d1bf99_2.conda
      - conda: https://conda.anaconda.org/conda-forge/osx-arm64/snappy-1.2.1-h98b9ce2_1.conda
      - conda: https://conda.anaconda.org/conda-forge/osx-arm64/sqlite-3.50.0-hd7222ec_0.conda
      - conda: https://conda.anaconda.org/conda-forge/noarch/sqlparse-0.5.3-pyhd8ed1ab_0.conda
      - conda: https://conda.anaconda.org/conda-forge/osx-arm64/tk-8.6.13-h892fb3f_2.conda
      - conda: https://conda.anaconda.org/conda-forge/noarch/typing-extensions-4.13.2-h0e9735f_0.conda
      - conda: https://conda.anaconda.org/conda-forge/noarch/typing_extensions-4.13.2-pyh29332c3_0.conda
      - conda: https://conda.anaconda.org/conda-forge/noarch/tzdata-2025b-h78e105d_0.conda
      - conda: https://conda.anaconda.org/conda-forge/osx-arm64/uriparser-0.9.8-h00cdb27_0.conda
      - conda: https://conda.anaconda.org/conda-forge/osx-arm64/xerces-c-3.2.5-h92fc2f4_2.conda
      - conda: https://conda.anaconda.org/conda-forge/osx-arm64/zlib-1.3.1-h8359307_2.conda
      - conda: https://conda.anaconda.org/conda-forge/osx-arm64/zstd-1.5.7-h6491c7d_2.conda
packages:
- conda: https://conda.anaconda.org/conda-forge/noarch/asgiref-3.8.1-pyhd8ed1ab_1.conda
  sha256: c8d51a32f3530e3ca176d8f7bf5621c68c7c1c03fe9cc5c3c49d8ba4a1248f43
  md5: 21187c8276f87b6aedfe63c267a6eed7
  depends:
  - python >=3.9
  - typing_extensions >=4
  license: BSD-3-Clause
  license_family: BSD
  size: 26436
  timestamp: 1733215704904
- conda: https://conda.anaconda.org/conda-forge/osx-arm64/blosc-1.21.6-h7dd00d9_1.conda
  sha256: c3fe902114b9a3ac837e1a32408cc2142c147ec054c1038d37aec6814343f48a
  md5: 925acfb50a750aa178f7a0aced77f351
  depends:
  - __osx >=11.0
  - libcxx >=18
  - libzlib >=1.3.1,<2.0a0
  - lz4-c >=1.10.0,<1.11.0a0
  - snappy >=1.2.1,<1.3.0a0
  - zstd >=1.5.6,<1.6.0a0
  license: BSD-3-Clause
  license_family: BSD
  size: 33602
  timestamp: 1733513285902
- conda: https://conda.anaconda.org/conda-forge/osx-arm64/bzip2-1.0.8-h99b78c6_7.conda
  sha256: adfa71f158cbd872a36394c56c3568e6034aa55c623634b37a4836bd036e6b91
  md5: fc6948412dbbbe9a4c9ddbbcfe0a79ab
  depends:
  - __osx >=11.0
  license: bzip2-1.0.6
  license_family: BSD
  size: 122909
  timestamp: 1720974522888
- conda: https://conda.anaconda.org/conda-forge/osx-arm64/c-ares-1.34.5-h5505292_0.conda
  sha256: b4bb55d0806e41ffef94d0e3f3c97531f322b3cb0ca1f7cdf8e47f62538b7a2b
  md5: f8cd1beb98240c7edb1a95883360ccfa
  depends:
  - __osx >=11.0
  license: MIT
  license_family: MIT
  size: 179696
  timestamp: 1744128058734
- conda: https://conda.anaconda.org/conda-forge/noarch/ca-certificates-2025.4.26-hbd8a1cb_0.conda
  sha256: 2a70ed95ace8a3f8a29e6cd1476a943df294a7111dfb3e152e3478c4c889b7ac
  md5: 95db94f75ba080a22eb623590993167b
  depends:
  - __unix
  license: ISC
  size: 152283
  timestamp: 1745653616541
- conda: https://conda.anaconda.org/conda-forge/osx-arm64/cyrus-sasl-2.1.27-h60b93bd_7.conda
  sha256: befd4d6e8b542d0c30aff47b098d43bbbe1bbf743ba6cd87a100d8a8731a6e03
  md5: 80a3b015d05a7d235db1bf09911fe08e
  depends:
  - krb5 >=1.21.1,<1.22.0a0
  - libcxx >=15.0.7
  - libntlm
  - openssl >=3.1.1,<4.0a0
  license: BSD-3-Clause-Attribution
  license_family: BSD
  size: 210957
  timestamp: 1690061457834
- conda: https://conda.anaconda.org/conda-forge/noarch/django-5.2.1-pyhd8ed1ab_0.conda
  sha256: 1ddf37431cccb68545e517ae94079e79ed3d829df00464fe3170facbfd028b1d
  md5: c5accd3bf111b9f5f36c1c35a8089fd9
  depends:
  - asgiref >=3.8.1
  - python >=3.10
  - sqlparse >=0.3.1
  license: BSD-3-Clause
  license_family: BSD
  size: 3838817
  timestamp: 1746652671992
- conda: https://conda.anaconda.org/conda-forge/osx-arm64/freexl-2.0.0-h3ab3353_2.conda
  sha256: b4146ac9ba1676494e3d812ca39664dd7dd454e4d0984f3665fd6feec318c71c
  md5: dd655a29b40fe0d1bf95c64cf3cb348d
  depends:
  - __osx >=11.0
  - libexpat >=2.6.4,<3.0a0
  - libiconv >=1.17,<2.0a0
  - minizip >=4.0.7,<5.0a0
  license: MPL-1.1
  license_family: MOZILLA
  size: 53378
  timestamp: 1734014980768
- conda: https://conda.anaconda.org/conda-forge/osx-arm64/gdal-3.11.0-py313h1667df5_4.conda
  sha256: 2acabeb1e01f705d7b5cbb048a71ae34a4ecce7ba017e6ec1deddefcadfc1aa4
  md5: 0591443872afb788149c8be5d6cb048a
  depends:
  - __osx >=11.0
  - libcxx >=18
  - libgdal-core 3.11.0.*
  - numpy >=1.21,<3
  - python >=3.13,<3.14.0a0
  - python >=3.13,<3.14.0a0 *_cp313
  - python_abi 3.13.* *_cp313
  license: MIT
  license_family: MIT
  size: 1780631
  timestamp: 1747846668055
- conda: https://conda.anaconda.org/conda-forge/osx-arm64/geos-3.13.1-hc9a1286_0.conda
  sha256: b3f116968699ef72271f608a8ef2794b609e9a3cecbd5c178d8ccb797be709d6
  md5: 3528352bdf54e8b11eca0eb97daf7d55
  depends:
  - __osx >=11.0
  - libcxx >=18
  license: LGPL-2.1-only
  size: 1470335
  timestamp: 1741051878236
- conda: https://conda.anaconda.org/conda-forge/osx-arm64/giflib-5.2.2-h93a5062_0.conda
  sha256: 843b3f364ff844137e37d5c0a181f11f6d51adcedd216f019d074e5aa5d7e09c
  md5: 95fa1486c77505330c20f7202492b913
  license: MIT
  license_family: MIT
  size: 71613
  timestamp: 1712692611426
- conda: https://conda.anaconda.org/conda-forge/osx-arm64/icu-75.1-hfee45f7_0.conda
  sha256: 9ba12c93406f3df5ab0a43db8a4b4ef67a5871dfd401010fbe29b218b2cbe620
  md5: 5eb22c1d7b3fc4abb50d92d621583137
  depends:
  - __osx >=11.0
  license: MIT
  license_family: MIT
  size: 11857802
  timestamp: 1720853997952
- conda: https://conda.anaconda.org/conda-forge/osx-arm64/json-c-0.18-he4178ee_0.conda
  sha256: 73179a1cd0b45c09d4f631cb359d9e755e6e573c5d908df42006728e0bf8297c
  md5: 94f14ef6157687c30feb44e1abecd577
  depends:
  - __osx >=11.0
  license: MIT
  license_family: MIT
  size: 73715
  timestamp: 1726487214495
- conda: https://conda.anaconda.org/conda-forge/osx-arm64/krb5-1.21.3-h237132a_0.conda
  sha256: 4442f957c3c77d69d9da3521268cad5d54c9033f1a73f99cde0a3658937b159b
  md5: c6dc8a0fdec13a0565936655c33069a1
  depends:
  - __osx >=11.0
  - libcxx >=16
  - libedit >=3.1.20191231,<3.2.0a0
  - libedit >=3.1.20191231,<4.0a0
  - openssl >=3.3.1,<4.0a0
  license: MIT
  license_family: MIT
  size: 1155530
  timestamp: 1719463474401
- conda: https://conda.anaconda.org/conda-forge/osx-arm64/lerc-4.0.0-hd64df32_1.conda
  sha256: 12361697f8ffc9968907d1a7b5830e34c670e4a59b638117a2cdfed8f63a38f8
  md5: a74332d9b60b62905e3d30709df08bf1
  depends:
  - __osx >=11.0
  - libcxx >=18
  license: Apache-2.0
  license_family: Apache
  size: 188306
  timestamp: 1745264362794
- conda: https://conda.anaconda.org/conda-forge/osx-arm64/libarchive-3.7.7-h3c2f2b0_4.conda
  sha256: b7f862cfa4522dd4774c61376a95b1b3aea80ff0d42dd5ebf6c9a07d32eb6f18
  md5: 4b12c69a3c3ca02ceac535ae6168f3af
  depends:
  - __osx >=11.0
  - bzip2 >=1.0.8,<2.0a0
  - libiconv >=1.18,<2.0a0
  - liblzma >=5.8.1,<6.0a0
  - libxml2 >=2.13.7,<2.14.0a0
  - libzlib >=1.3.1,<2.0a0
  - lz4-c >=1.10.0,<1.11.0a0
  - lzo >=2.10,<3.0a0
  - openssl >=3.5.0,<4.0a0
  - zstd >=1.5.7,<1.6.0a0
  license: BSD-2-Clause
  license_family: BSD
  size: 774033
  timestamp: 1745335663024
- conda: https://conda.anaconda.org/conda-forge/osx-arm64/libblas-3.9.0-31_h10e41b3_openblas.conda
  build_number: 31
  sha256: 369586e7688b59b4f92c709b99d847d66d4d095425db327dd32ee5e6ab74697f
  md5: 39b053da5e7035c6592102280aa7612a
  depends:
  - libopenblas >=0.3.29,<0.3.30.0a0
  - libopenblas >=0.3.29,<1.0a0
  constrains:
  - liblapacke =3.9.0=31*_openblas
  - libcblas =3.9.0=31*_openblas
  - blas =2.131=openblas
  - mkl <2025
  - liblapack =3.9.0=31*_openblas
  license: BSD-3-Clause
  license_family: BSD
  size: 17123
  timestamp: 1740088119350
- conda: https://conda.anaconda.org/conda-forge/osx-arm64/libbrotlicommon-1.1.0-hd74edd7_2.conda
  sha256: 839dacb741bdbb25e58f42088a2001b649f4f12195aeb700b5ddfca3267749e5
  md5: d0bf1dff146b799b319ea0434b93f779
  depends:
  - __osx >=11.0
  license: MIT
  license_family: MIT
  size: 68426
  timestamp: 1725267943211
- conda: https://conda.anaconda.org/conda-forge/osx-arm64/libbrotlidec-1.1.0-hd74edd7_2.conda
  sha256: 6c6862eb274f21a7c0b60e5345467a12e6dda8b9af4438c66d496a2c1a538264
  md5: 55e66e68ce55523a6811633dd1ac74e2
  depends:
  - __osx >=11.0
  - libbrotlicommon 1.1.0 hd74edd7_2
  license: MIT
  license_family: MIT
  size: 28378
  timestamp: 1725267980316
- conda: https://conda.anaconda.org/conda-forge/osx-arm64/libbrotlienc-1.1.0-hd74edd7_2.conda
  sha256: eeb1eb0d58b9d02bc1b98dc0a058f104ab168eb2f7d1c7bfa0570a12cfcdb7b7
  md5: 4f3a434504c67b2c42565c0b85c1885c
  depends:
  - __osx >=11.0
  - libbrotlicommon 1.1.0 hd74edd7_2
  license: MIT
  license_family: MIT
  size: 279644
  timestamp: 1725268003553
- conda: https://conda.anaconda.org/conda-forge/osx-arm64/libcblas-3.9.0-31_hb3479ef_openblas.conda
  build_number: 31
  sha256: f237486cc9118d09d0f3ff8820280de34365f98ee7b7dc5ab923b04c7cbf25a5
  md5: 7353c2bf0e90834cb70545671996d871
  depends:
  - libblas 3.9.0 31_h10e41b3_openblas
  constrains:
  - liblapacke =3.9.0=31*_openblas
  - blas =2.131=openblas
  - liblapack =3.9.0=31*_openblas
  license: BSD-3-Clause
  license_family: BSD
  size: 17032
  timestamp: 1740088127097
- conda: https://conda.anaconda.org/conda-forge/osx-arm64/libcurl-8.14.0-h73640d1_0.conda
  sha256: 8ecce486f18b2945fd2f4edadc064578d7173c01a581caa8e3f1af271e2846b2
  md5: 2cdeda15c3cf49965e589107ca316997
  depends:
  - __osx >=11.0
  - krb5 >=1.21.3,<1.22.0a0
  - libnghttp2 >=1.64.0,<2.0a0
  - libssh2 >=1.11.1,<2.0a0
  - libzlib >=1.3.1,<2.0a0
  - openssl >=3.5.0,<4.0a0
  - zstd >=1.5.7,<1.6.0a0
  license: curl
  license_family: MIT
  size: 403452
  timestamp: 1748431286504
- conda: https://conda.anaconda.org/conda-forge/osx-arm64/libcxx-20.1.6-ha82da77_0.conda
  sha256: b74ec832ec05571f8747c9bd5f96b93d76489909b4f6f37d99d576dc955f21e9
  md5: 95c1830841844ef54e07efed1654b47f
  depends:
  - __osx >=11.0
  license: Apache-2.0 WITH LLVM-exception
  license_family: Apache
  size: 567539
  timestamp: 1748495055530
- conda: https://conda.anaconda.org/conda-forge/osx-arm64/libdeflate-1.24-h5773f1b_0.conda
  sha256: 417d52b19c679e1881cce3f01cad3a2d542098fa2d6df5485aac40f01aede4d1
  md5: 3baf58a5a87e7c2f4d243ce2f8f2fe5c
  depends:
  - __osx >=11.0
  license: MIT
  license_family: MIT
  size: 54790
  timestamp: 1747040549847
- conda: https://conda.anaconda.org/conda-forge/osx-arm64/libedit-3.1.20250104-pl5321hafb1f1b_0.conda
  sha256: 66aa216a403de0bb0c1340a88d1a06adaff66bae2cfd196731aa24db9859d631
  md5: 44083d2d2c2025afca315c7a172eab2b
  depends:
  - ncurses
  - __osx >=11.0
  - ncurses >=6.5,<7.0a0
  license: BSD-2-Clause
  license_family: BSD
  size: 107691
  timestamp: 1738479560845
- conda: https://conda.anaconda.org/conda-forge/osx-arm64/libev-4.33-h93a5062_2.conda
  sha256: 95cecb3902fbe0399c3a7e67a5bed1db813e5ab0e22f4023a5e0f722f2cc214f
  md5: 36d33e440c31857372a72137f78bacf5
  license: BSD-2-Clause
  license_family: BSD
  size: 107458
  timestamp: 1702146414478
- conda: https://conda.anaconda.org/conda-forge/osx-arm64/libexpat-2.7.0-h286801f_0.conda
  sha256: ee550e44765a7bbcb2a0216c063dcd53ac914a7be5386dd0554bd06e6be61840
  md5: 6934bbb74380e045741eb8637641a65b
  depends:
  - __osx >=11.0
  constrains:
  - expat 2.7.0.*
  license: MIT
  license_family: MIT
  size: 65714
  timestamp: 1743431789879
- conda: https://conda.anaconda.org/conda-forge/osx-arm64/libffi-3.4.6-h1da3d7d_1.conda
  sha256: c6a530924a9b14e193ea9adfe92843de2a806d1b7dbfd341546ece9653129e60
  md5: c215a60c2935b517dcda8cad4705734d
  depends:
  - __osx >=11.0
  license: MIT
  license_family: MIT
  size: 39839
  timestamp: 1743434670405
- conda: https://conda.anaconda.org/conda-forge/osx-arm64/libgdal-core-3.11.0-h56abc88_4.conda
  sha256: be0032af6773e8d8d040433123dc0d32a6633963633e806be193e808a372413d
  md5: e08f8f79a5cf7412ec6e70b7a6889e92
  depends:
  - __osx >=11.0
  - blosc >=1.21.6,<2.0a0
  - geos >=3.13.1,<3.13.2.0a0
  - giflib >=5.2.2,<5.3.0a0
  - json-c >=0.18,<0.19.0a0
  - lerc >=4.0.0,<5.0a0
  - libarchive >=3.7.7,<3.8.0a0
  - libcurl >=8.13.0,<9.0a0
  - libcxx >=18
  - libdeflate >=1.24,<1.25.0a0
  - libexpat >=2.7.0,<3.0a0
  - libiconv >=1.18,<2.0a0
  - libjpeg-turbo >=3.1.0,<4.0a0
  - libjxl >=0.11,<0.12.0a0
  - libkml >=1.3.0,<1.4.0a0
  - liblzma >=5.8.1,<6.0a0
  - libpng >=1.6.47,<1.7.0a0
  - libspatialite >=5.1.0,<5.2.0a0
  - libsqlite >=3.49.2,<4.0a0
  - libwebp-base >=1.5.0,<2.0a0
  - libxml2 >=2.13.8,<2.14.0a0
  - libzlib >=1.3.1,<2.0a0
  - lz4-c >=1.10.0,<1.11.0a0
  - muparser >=2.3.5,<2.4.0a0
  - openssl >=3.5.0,<4.0a0
  - pcre2 >=10.45,<10.46.0a0
  - proj >=9.6.0,<9.7.0a0
  - xerces-c >=3.2.5,<3.3.0a0
  - zstd >=1.5.7,<1.6.0a0
  constrains:
  - libgdal 3.11.0.*
  license: MIT
  license_family: MIT
  size: 9224742
  timestamp: 1747846167209
- conda: https://conda.anaconda.org/conda-forge/osx-arm64/libgfortran-14.2.0-heb5dd2a_105.conda
  sha256: 6ca48762c330d1cdbdaa450f197ccc16ffb7181af50d112b4ccf390223d916a1
  md5: ad35937216e65cfeecd828979ee5e9e6
  depends:
  - libgfortran5 14.2.0 h2c44a93_105
  license: GPL-3.0-only WITH GCC-exception-3.1
  license_family: GPL
  size: 155474
  timestamp: 1743913530958
- conda: https://conda.anaconda.org/conda-forge/osx-arm64/libgfortran5-14.2.0-h2c44a93_105.conda
  sha256: de09987e1080f71e2285deec45ccb949c2620a672b375029534fbb878e471b22
  md5: 06f35a3b1479ec55036e1c9872f97f2c
  depends:
  - llvm-openmp >=8.0.0
  constrains:
  - libgfortran 14.2.0
  license: GPL-3.0-only WITH GCC-exception-3.1
  license_family: GPL
  size: 806283
  timestamp: 1743913488925
- conda: https://conda.anaconda.org/conda-forge/osx-arm64/libhwy-1.2.0-h9a9ea7e_0.conda
  sha256: 68cb9cd08f8e2e50b3eb4b3cf93ba9fe4bb5fe4cc1777ccfe9dbda6294bf8a0b
  md5: 4f3cfa78d0b9dcf2b0bc7c558ea1f783
  depends:
  - __osx >=11.0
  - libcxx >=18
  license: Apache-2.0
  license_family: Apache
  size: 525978
  timestamp: 1744841624357
- conda: https://conda.anaconda.org/conda-forge/osx-arm64/libiconv-1.18-hfe07756_1.conda
  sha256: d30780d24bf3a30b4f116fca74dedb4199b34d500fe6c52cced5f8cc1e926f03
  md5: 450e6bdc0c7d986acf7b8443dce87111
  depends:
  - __osx >=11.0
  license: LGPL-2.1-only
  size: 681804
  timestamp: 1740128227484
- conda: https://conda.anaconda.org/conda-forge/osx-arm64/libjpeg-turbo-3.1.0-h5505292_0.conda
  sha256: 78df2574fa6aa5b6f5fc367c03192f8ddf8e27dc23641468d54e031ff560b9d4
  md5: 01caa4fbcaf0e6b08b3aef1151e91745
  depends:
  - __osx >=11.0
  constrains:
  - jpeg <0.0.0a
  license: IJG AND BSD-3-Clause AND Zlib
  size: 553624
  timestamp: 1745268405713
- conda: https://conda.anaconda.org/conda-forge/osx-arm64/libjxl-0.11.1-h72d67bc_1.conda
  sha256: ef86d49914fdca1ad5149e5b2a14d05226b2d026f2a2c8d7b6a32d4ab4b880e3
  md5: f9542a6a00ce435f6ec32517b27c9428
  depends:
  - __osx >=11.0
  - libbrotlidec >=1.1.0,<1.2.0a0
  - libbrotlienc >=1.1.0,<1.2.0a0
  - libcxx >=18
  - libhwy >=1.2.0,<1.3.0a0
  license: BSD-3-Clause
  license_family: BSD
  size: 920995
  timestamp: 1744898117222
- conda: https://conda.anaconda.org/conda-forge/osx-arm64/libkml-1.3.0-he250239_1021.conda
  sha256: e578ba448489465b8fea743e214272a9fcfccb0d152ba1ff57657aaa76a0cd7d
  md5: 891bb2a18eaef684f37bd4fb942cd8b2
  depends:
  - __osx >=11.0
  - libcxx >=17
  - libexpat >=2.6.2,<3.0a0
  - libzlib >=1.3.1,<2.0a0
  - uriparser >=0.9.8,<1.0a0
  license: BSD-3-Clause
  license_family: BSD
  size: 281362
  timestamp: 1724667138089
- conda: https://conda.anaconda.org/conda-forge/osx-arm64/liblapack-3.9.0-31_hc9a63f6_openblas.conda
  build_number: 31
  sha256: fe55b9aaf82c6c0192c3d1fcc9b8e884f97492dda9a8de5dae29334b3135fab5
  md5: ff57a55a2cbce171ef5707fb463caf19
  depends:
  - libblas 3.9.0 31_h10e41b3_openblas
  constrains:
  - liblapacke =3.9.0=31*_openblas
  - libcblas =3.9.0=31*_openblas
  - blas =2.131=openblas
  license: BSD-3-Clause
  license_family: BSD
  size: 17033
  timestamp: 1740088134988
- conda: https://conda.anaconda.org/conda-forge/osx-arm64/liblzma-5.8.1-h39f12f2_1.conda
  sha256: 5ab62c179229640c34491a7de806ad4ab7bec47ea2b5fc2136e3b8cf5ef26a57
  md5: 4e8ef3d79c97c9021b34d682c24c2044
  depends:
  - __osx >=11.0
  constrains:
  - xz 5.8.1.*
  - xz ==5.8.1=*_1
  license: 0BSD
  size: 92218
  timestamp: 1746531818330
- conda: https://conda.anaconda.org/conda-forge/osx-arm64/libmpdec-4.0.0-h5505292_0.conda
  sha256: 0a1875fc1642324ebd6c4ac864604f3f18f57fbcf558a8264f6ced028a3c75b2
  md5: 85ccccb47823dd9f7a99d2c7f530342f
  depends:
  - __osx >=11.0
  license: BSD-2-Clause
  size: 71829
  timestamp: 1748393749336
- conda: https://conda.anaconda.org/conda-forge/osx-arm64/libnghttp2-1.64.0-h6d7220d_0.conda
  sha256: 00cc685824f39f51be5233b54e19f45abd60de5d8847f1a56906f8936648b72f
  md5: 3408c02539cee5f1141f9f11450b6a51
  depends:
  - __osx >=11.0
  - c-ares >=1.34.2,<2.0a0
  - libcxx >=17
  - libev >=4.33,<4.34.0a0
  - libev >=4.33,<5.0a0
  - libzlib >=1.3.1,<2.0a0
  - openssl >=3.3.2,<4.0a0
  license: MIT
  license_family: MIT
  size: 566719
  timestamp: 1729572385640
- conda: https://conda.anaconda.org/conda-forge/osx-arm64/libntlm-1.8-h5505292_0.conda
  sha256: ea8c680924d957e12270dca549620327d5e986f23c4bd5f45627167ca6ef7a3b
  md5: c90c1d3bd778f5ec0d4bb4ef36cbd5b6
  depends:
  - __osx >=11.0
  license: LGPL-2.1-or-later
  size: 31099
  timestamp: 1734670168822
- conda: https://conda.anaconda.org/conda-forge/osx-arm64/libopenblas-0.3.29-openmp_hf332438_0.conda
  sha256: 8989d9e01ec8c9b2d48dbb5efbe70b356fcd15990fb53b64fcb84798982c0343
  md5: 0cd1148c68f09027ee0b0f0179f77c30
  depends:
  - __osx >=11.0
  - libgfortran >=5
  - libgfortran5 >=13.2.0
  - llvm-openmp >=18.1.8
  constrains:
  - openblas >=0.3.29,<0.3.30.0a0
  license: BSD-3-Clause
  license_family: BSD
  size: 4168442
  timestamp: 1739825514918
- conda: https://conda.anaconda.org/conda-forge/osx-arm64/libpng-1.6.47-h3783ad8_0.conda
  sha256: dc93cc30f59b28e7812c6f14d2c2e590b509c38092cce7ababe6b23541b7ed8f
  md5: 3550e05e3af94a3fa9cef2694417ccdf
  depends:
  - __osx >=11.0
  - libzlib >=1.3.1,<2.0a0
  license: zlib-acknowledgement
  size: 259332
  timestamp: 1739953032676
- conda: https://conda.anaconda.org/conda-forge/osx-arm64/libpq-17.5-h6896619_0.conda
  sha256: afbb8282276224934d1fd13c32253f8b349818f6393c43f5582096f2ebae3b0e
  md5: 2fac681a36e09ee3c904fb486be1b6b8
  depends:
  - __osx >=11.0
  - icu >=75.1,<76.0a0
  - krb5 >=1.21.3,<1.22.0a0
  - openldap >=2.6.9,<2.7.0a0
  - openssl >=3.5.0,<4.0a0
  license: PostgreSQL
  size: 2502508
  timestamp: 1746744054052
- conda: https://conda.anaconda.org/conda-forge/osx-arm64/librttopo-1.1.0-h26cc057_18.conda
  sha256: d44060c2980e45e6392a045b55bfdde440819346251daa2400b527007fd727e2
  md5: d324443cad810cf90608d8b2330fcc59
  depends:
  - __osx >=11.0
  - geos >=3.13.1,<3.13.2.0a0
  - libcxx >=18
  license: GPL-2.0-or-later
  license_family: GPL
  size: 192154
  timestamp: 1741167142737
- conda: https://conda.anaconda.org/conda-forge/osx-arm64/libspatialite-5.1.0-hea0a7cd_14.conda
  sha256: f586ba7ffa445514bf97778c3f6720a83980e8e9a4aa8c95f060d5ecf3ea531a
  md5: c2d44056e47c6985bb1dbe8c60788f64
  depends:
  - __osx >=11.0
  - freexl >=2
  - freexl >=2.0.0,<3.0a0
  - geos >=3.13.1,<3.13.2.0a0
  - libcxx >=18
  - libiconv >=1.18,<2.0a0
  - librttopo >=1.1.0,<1.2.0a0
  - libsqlite >=3.49.1,<4.0a0
  - libxml2 >=2.13.6,<2.14.0a0
  - libzlib >=1.3.1,<2.0a0
  - proj >=9.6.0,<9.7.0a0
  - sqlite
  - zlib
  license: MPL-1.1
  license_family: MOZILLA
  size: 2942231
  timestamp: 1742308744175
- conda: https://conda.anaconda.org/conda-forge/osx-arm64/libsqlite-3.50.0-h3f77e49_0.conda
  sha256: 80bbe9c53d4bf2e842eccdd089653d0659972deba7057cda3ebaebaf43198f79
  md5: cda0ec640bc4698d0813a8fb459aee58
  depends:
  - __osx >=11.0
  - libzlib >=1.3.1,<2.0a0
  license: Unlicense
  size: 901545
  timestamp: 1748550158812
- conda: https://conda.anaconda.org/conda-forge/osx-arm64/libssh2-1.11.1-h1590b86_0.conda
  sha256: 8bfe837221390ffc6f111ecca24fa12d4a6325da0c8d131333d63d6c37f27e0a
  md5: b68e8f66b94b44aaa8de4583d3d4cc40
  depends:
  - libzlib >=1.3.1,<2.0a0
  - openssl >=3.5.0,<4.0a0
  license: BSD-3-Clause
  license_family: BSD
  size: 279193
  timestamp: 1745608793272
- conda: https://conda.anaconda.org/conda-forge/osx-arm64/libtiff-4.7.0-h2f21f7c_5.conda
  sha256: cc5ee1cffb8a8afb25a4bfd08fce97c5447f97aa7064a055cb4a617df45bc848
  md5: 4eb183bbf7f734f69875702fdbe17ea0
  depends:
  - __osx >=11.0
  - lerc >=4.0.0,<5.0a0
  - libcxx >=18
  - libdeflate >=1.24,<1.25.0a0
  - libjpeg-turbo >=3.1.0,<4.0a0
  - liblzma >=5.8.1,<6.0a0
  - libwebp-base >=1.5.0,<2.0a0
  - libzlib >=1.3.1,<2.0a0
  - zstd >=1.5.7,<1.6.0a0
  license: HPND
  size: 370943
  timestamp: 1747067160710
- conda: https://conda.anaconda.org/conda-forge/osx-arm64/libwebp-base-1.5.0-h2471fea_0.conda
  sha256: f8bdb876b4bc8cb5df47c28af29188de8911c3fea4b799a33743500149de3f4a
  md5: 569466afeb84f90d5bb88c11cc23d746
  depends:
  - __osx >=11.0
  constrains:
  - libwebp 1.5.0
  license: BSD-3-Clause
  license_family: BSD
  size: 290013
  timestamp: 1734777593617
- conda: https://conda.anaconda.org/conda-forge/osx-arm64/libxml2-2.13.8-h52572c6_0.conda
  sha256: 13eb825eddce93761d965da3edaf3a42d868c61ece7d9cf21f7e2a13087c2abe
  md5: d7884c7af8af5a729353374c189aede8
  depends:
  - __osx >=11.0
  - icu >=75.1,<76.0a0
  - libiconv >=1.18,<2.0a0
  - liblzma >=5.8.1,<6.0a0
  - libzlib >=1.3.1,<2.0a0
  license: MIT
  license_family: MIT
  size: 583068
  timestamp: 1746634531197
- conda: https://conda.anaconda.org/conda-forge/osx-arm64/libzlib-1.3.1-h8359307_2.conda
  sha256: ce34669eadaba351cd54910743e6a2261b67009624dbc7daeeafdef93616711b
  md5: 369964e85dc26bfe78f41399b366c435
  depends:
  - __osx >=11.0
  constrains:
  - zlib 1.3.1 *_2
  license: Zlib
  license_family: Other
  size: 46438
  timestamp: 1727963202283
- conda: https://conda.anaconda.org/conda-forge/osx-arm64/llvm-openmp-20.1.6-hdb05f8b_0.conda
  sha256: 99c8aa89a77870d6ee16d62b858be67e30f2ad4fe13555570c7660cc38f9557b
  md5: 7a3b28d59940a28e761e0a623241a832
  depends:
  - __osx >=11.0
  constrains:
  - openmp 20.1.6|20.1.6.*
  license: Apache-2.0 WITH LLVM-exception
  size: 282698
  timestamp: 1748570308073
- conda: https://conda.anaconda.org/conda-forge/osx-arm64/lz4-c-1.10.0-h286801f_1.conda
  sha256: 94d3e2a485dab8bdfdd4837880bde3dd0d701e2b97d6134b8806b7c8e69c8652
  md5: 01511afc6cc1909c5303cf31be17b44f
  depends:
  - __osx >=11.0
  - libcxx >=18
  license: BSD-2-Clause
  license_family: BSD
  size: 148824
  timestamp: 1733741047892
- conda: https://conda.anaconda.org/conda-forge/osx-arm64/lzo-2.10-h93a5062_1001.conda
  sha256: b68160b0a8ec374cea12de7afb954ca47419cdc300358232e19cec666d60b929
  md5: 915996063a7380c652f83609e970c2a7
  license: GPL-2.0-or-later
  license_family: GPL2
  size: 131447
  timestamp: 1713516009610
- conda: https://conda.anaconda.org/conda-forge/osx-arm64/minizip-4.0.10-hff1a8ea_0.conda
  sha256: b3503bd3da5d48d57b44835f423951f487574e08a999f13288c81464ac293840
  md5: 93def148863d840e500490d6d78722f9
  depends:
  - __osx >=11.0
  - bzip2 >=1.0.8,<2.0a0
  - libcxx >=18
  - libiconv >=1.18,<2.0a0
  - liblzma >=5.8.1,<6.0a0
  - libzlib >=1.3.1,<2.0a0
  - openssl >=3.5.0,<4.0a0
  - zstd >=1.5.7,<1.6.0a0
  license: Zlib
  license_family: Other
  size: 78411
  timestamp: 1746450560057
- conda: https://conda.anaconda.org/conda-forge/osx-arm64/muparser-2.3.5-h11e0b38_0.conda
  sha256: 5533e7e3d4b0819b4426f8a1b3f680e6b9c922cdae2b7fabcd0e8c59df22772a
  md5: 1cdbe54881794ee356d3cba7e3ed6668
  depends:
  - __osx >=11.0
  - libcxx >=18
  - llvm-openmp >=18.1.8
  license: MIT
  license_family: MIT
  size: 154087
  timestamp: 1747117056226
- conda: https://conda.anaconda.org/conda-forge/osx-arm64/ncurses-6.5-h5e97a16_3.conda
  sha256: 2827ada40e8d9ca69a153a45f7fd14f32b2ead7045d3bbb5d10964898fe65733
  md5: 068d497125e4bf8a66bf707254fff5ae
  depends:
  - __osx >=11.0
  license: X11 AND BSD-3-Clause
  size: 797030
  timestamp: 1738196177597
- conda: https://conda.anaconda.org/conda-forge/osx-arm64/numpy-2.2.6-py313h41a2e72_0.conda
  sha256: 2206aa59ee700f00896604178864ebe54ab8e87e479a1707def23636a6a62797
  md5: 6a5bd221d600de2bf1b408678dab01b7
  depends:
  - __osx >=11.0
  - libblas >=3.9.0,<4.0a0
  - libcblas >=3.9.0,<4.0a0
  - libcxx >=18
  - liblapack >=3.9.0,<4.0a0
  - python >=3.13,<3.14.0a0
  - python >=3.13,<3.14.0a0 *_cp313
  - python_abi 3.13.* *_cp313
  constrains:
  - numpy-base <0a0
  license: BSD-3-Clause
  license_family: BSD
  size: 6532195
  timestamp: 1747545087365
- conda: https://conda.anaconda.org/conda-forge/osx-arm64/openldap-2.6.10-hbe55e7a_0.conda
  sha256: 08d859836b81296c16f74336c3a9a455b23d57ce1d7c2b0b3e1b7a07f984c677
  md5: 6fd5d73c63b5d37d9196efb4f044af76
  depends:
  - __osx >=11.0
  - cyrus-sasl >=2.1.27,<3.0a0
  - krb5 >=1.21.3,<1.22.0a0
  - libcxx >=18
  - openssl >=3.5.0,<4.0a0
  license: OLDAP-2.8
  license_family: BSD
  size: 843597
  timestamp: 1748010484231
- conda: https://conda.anaconda.org/conda-forge/osx-arm64/openssl-3.5.0-h81ee809_1.conda
  sha256: 73d366c1597a10bcd5f3604b5f0734b31c23225536e03782c6a13f9be9d01bff
  md5: 5c7aef00ef60738a14e0e612cfc5bcde
  depends:
  - __osx >=11.0
  - ca-certificates
  license: Apache-2.0
  license_family: Apache
  size: 3064197
  timestamp: 1746223530698
- conda: https://conda.anaconda.org/conda-forge/osx-arm64/pcre2-10.45-ha881caa_0.conda
  sha256: e9ecb706b58b5a2047c077b3a1470e8554f3aad02e9c3c00cfa35d537420fea3
  md5: a52385b93558d8e6bbaeec5d61a21cd7
  depends:
  - __osx >=11.0
  - bzip2 >=1.0.8,<2.0a0
  - libzlib >=1.3.1,<2.0a0
  license: BSD-3-Clause
  license_family: BSD
  size: 837826
  timestamp: 1745955207242
- conda: https://conda.anaconda.org/conda-forge/osx-arm64/proj-9.6.0-h1318a7e_1.conda
  sha256: ab750defa95873048f78f05c9ee6f206e80ca87951ae68269a6b3fc06c66911e
  md5: d0d57e3502849d8bb2485c59c0897bf1
  depends:
  - __osx >=11.0
  - libcurl >=8.13.0,<9.0a0
  - libcxx >=18
  - libsqlite >=3.49.1,<4.0a0
  - libtiff >=4.7.0,<4.8.0a0
  - sqlite
  constrains:
  - proj4 ==999999999999
  license: MIT
  license_family: MIT
  size: 2734723
  timestamp: 1743652164401
- conda: https://conda.anaconda.org/conda-forge/noarch/psycopg-3.2.9-pyhd5ab78c_0.conda
  sha256: fff992f6f2c80be40da5e63055de1831628e1377d8319fc595263183342a7d9a
  md5: 117e290f458e3cd700bc6b8b7452ec76
  depends:
  - libpq
  - psycopg-c >=3.2.9,<3.2.10.0a0
  - python >=3.9
  - typing-extensions >=4.6
  license: LGPL-3.0-or-later
  license_family: LGPL
  size: 139496
  timestamp: 1747238978143
- conda: https://conda.anaconda.org/conda-forge/osx-arm64/psycopg-c-3.2.9-py313h2a8749c_0.conda
  sha256: 3570913dbd330ddd9fbc888968c0a7fe35648cf826df01ed0a99edce9295c8cf
  md5: 7caf0f3632693570ad2acd28e361f729
  depends:
  - __osx >=11.0
  - libpq >=17.5,<18.0a0
  - python >=3.13,<3.14.0a0
  - python >=3.13,<3.14.0a0 *_cp313
  - python_abi 3.13.* *_cp313
  license: LGPL-3.0-or-later
  license_family: LGPL
  size: 322007
  timestamp: 1747239162434
- conda: https://conda.anaconda.org/conda-forge/osx-arm64/python-3.13.3-h81fe080_101_cp313.conda
  build_number: 101
  sha256: f96468ab1e6f27bda92157bfc7f272d1fbf2ba2f85697bdc5bb106bccba1befb
  md5: b3240ae8c42a3230e0b7f831e1c72e9f
  depends:
  - __osx >=11.0
  - bzip2 >=1.0.8,<2.0a0
  - libexpat >=2.7.0,<3.0a0
  - libffi >=3.4.6,<3.5.0a0
  - liblzma >=5.8.1,<6.0a0
  - libmpdec >=4.0.0,<5.0a0
  - libsqlite >=3.49.1,<4.0a0
  - libzlib >=1.3.1,<2.0a0
  - ncurses >=6.5,<7.0a0
  - openssl >=3.5.0,<4.0a0
  - python_abi 3.13.* *_cp313
  - readline >=8.2,<9.0a0
  - tk >=8.6.13,<8.7.0a0
  - tzdata
  license: Python-2.0
  size: 12136505
  timestamp: 1744663807953
  python_site_packages_path: lib/python3.13/site-packages
- conda: https://conda.anaconda.org/conda-forge/noarch/python-dotenv-1.1.0-pyh29332c3_1.conda
  sha256: 7d927317003544049c97e7108e8ca5f2be5ff0ea954f5c84c8bbeb243b663fc8
  md5: 27d816c6981a8d50090537b761de80f4
  depends:
  - python >=3.9
  - python
  license: BSD-3-Clause
  license_family: BSD
  size: 25557
  timestamp: 1742948348635
- conda: https://conda.anaconda.org/conda-forge/noarch/python_abi-3.13-7_cp313.conda
  build_number: 7
  sha256: 0595134584589064f56e67d3de1d8fcbb673a972946bce25fb593fb092fdcd97
  md5: e84b44e6300f1703cb25d29120c5b1d8
  constrains:
  - python 3.13.* *_cp313
  license: BSD-3-Clause
  license_family: BSD
  size: 6988
  timestamp: 1745258852285
- conda: https://conda.anaconda.org/conda-forge/osx-arm64/readline-8.2-h1d1bf99_2.conda
  sha256: 7db04684d3904f6151eff8673270922d31da1eea7fa73254d01c437f49702e34
  md5: 63ef3f6e6d6d5c589e64f11263dc5676
  depends:
  - ncurses >=6.5,<7.0a0
  license: GPL-3.0-only
  license_family: GPL
  size: 252359
  timestamp: 1740379663071
- conda: https://conda.anaconda.org/conda-forge/osx-arm64/snappy-1.2.1-h98b9ce2_1.conda
  sha256: 4242f95b215127a006eb664fe26ed5a82df87e90cbdbc7ce7ff4971f0720997f
  md5: ded86dee325290da2967a3fea3800eb5
  depends:
  - __osx >=11.0
  - libcxx >=18
  license: BSD-3-Clause
  license_family: BSD
  size: 35857
  timestamp: 1733502172664
- conda: https://conda.anaconda.org/conda-forge/osx-arm64/sqlite-3.50.0-hd7222ec_0.conda
  sha256: c94e55de40bbcabf834b5b2870d4121efa45158df3e5a6d4ee75b15e8ed9719f
  md5: bbbbdf7c9a0344190b6199568ef2601b
  depends:
  - __osx >=11.0
  - libsqlite 3.50.0 h3f77e49_0
  - libzlib >=1.3.1,<2.0a0
  - ncurses >=6.5,<7.0a0
  - readline >=8.2,<9.0a0
  license: Unlicense
  size: 885840
  timestamp: 1748550185297
- conda: https://conda.anaconda.org/conda-forge/noarch/sqlparse-0.5.3-pyhd8ed1ab_0.conda
  sha256: 5f72479baaa179fa85a8a655453e9903f4c663c57cd85f9e82a87272d4719e97
  md5: 79d600bf8cce63e3d15579e83380c3fb
  depends:
  - python >=3.9
  license: BSD-3-Clause
  license_family: BSD
  size: 40443
  timestamp: 1734007220139
- conda: https://conda.anaconda.org/conda-forge/osx-arm64/tk-8.6.13-h892fb3f_2.conda
  sha256: cb86c522576fa95c6db4c878849af0bccfd3264daf0cc40dd18e7f4a7bfced0e
  md5: 7362396c170252e7b7b0c8fb37fe9c78
  depends:
  - __osx >=11.0
  - libzlib >=1.3.1,<2.0a0
  license: TCL
  license_family: BSD
  size: 3125538
  timestamp: 1748388189063
- conda: https://conda.anaconda.org/conda-forge/noarch/typing-extensions-4.13.2-h0e9735f_0.conda
  sha256: 4865fce0897d3cb0ffc8998219157a8325f6011c136e6fd740a9a6b169419296
  md5: 568ed1300869dca0ba09fb750cda5dbb
  depends:
  - typing_extensions ==4.13.2 pyh29332c3_0
  license: PSF-2.0
  license_family: PSF
  size: 89900
  timestamp: 1744302253997
- conda: https://conda.anaconda.org/conda-forge/noarch/typing_extensions-4.13.2-pyh29332c3_0.conda
  sha256: a8aaf351e6461de0d5d47e4911257e25eec2fa409d71f3b643bb2f748bde1c08
  md5: 83fc6ae00127671e301c9f44254c31b8
  depends:
  - python >=3.9
  - python
  license: PSF-2.0
  license_family: PSF
  size: 52189
  timestamp: 1744302253997
- conda: https://conda.anaconda.org/conda-forge/noarch/tzdata-2025b-h78e105d_0.conda
  sha256: 5aaa366385d716557e365f0a4e9c3fca43ba196872abbbe3d56bb610d131e192
  md5: 4222072737ccff51314b5ece9c7d6f5a
  license: LicenseRef-Public-Domain
  size: 122968
  timestamp: 1742727099393
- conda: https://conda.anaconda.org/conda-forge/osx-arm64/uriparser-0.9.8-h00cdb27_0.conda
  sha256: fa0bcbfb20a508ca9bf482236fe799581cbd0eab016e47a865e9fa44dbe3c512
  md5: e8ff9e11babbc8cd77af5a4258dc2802
  depends:
  - __osx >=11.0
  - libcxx >=16
  license: BSD-3-Clause
  license_family: BSD
  size: 40625
  timestamp: 1715010029254
- conda: https://conda.anaconda.org/conda-forge/osx-arm64/xerces-c-3.2.5-h92fc2f4_2.conda
  sha256: 863a7c2a991a4399d362d42c285ebc20748a4ea417647ebd3a171e2220c7457d
  md5: 50b7325437ef0901fe25dc5c9e743b88
  depends:
  - __osx >=11.0
  - icu >=75.1,<76.0a0
  - libcxx >=17
  license: Apache-2.0
  license_family: Apache
  size: 1277884
  timestamp: 1727733870250
- conda: https://conda.anaconda.org/conda-forge/osx-arm64/zlib-1.3.1-h8359307_2.conda
  sha256: 58f8860756680a4831c1bf4f294e2354d187f2e999791d53b1941834c4b37430
  md5: e3170d898ca6cb48f1bb567afb92f775
  depends:
  - __osx >=11.0
  - libzlib 1.3.1 h8359307_2
  license: Zlib
  license_family: Other
  size: 77606
  timestamp: 1727963209370
- conda: https://conda.anaconda.org/conda-forge/osx-arm64/zstd-1.5.7-h6491c7d_2.conda
  sha256: 0d02046f57f7a1a3feae3e9d1aa2113788311f3cf37a3244c71e61a93177ba67
  md5: e6f69c7bcccdefa417f056fa593b40f0
  depends:
  - __osx >=11.0
  - libzlib >=1.3.1,<2.0a0
  license: BSD-3-Clause
  license_family: BSD
  size: 399979
  timestamp: 1742433432699
